// !$*UTF8*$!
{
	archiveVersion = 1;
	classes = {
	};
	objectVersion = 55;
	objects = {

/* Begin PBXBuildFile section */
		5659E2D5275359780097A790 /* UIScrollView+Ext.swift in Sources */ = {isa = PBXBuildFile; fileRef = 5659E2D4275359780097A790 /* UIScrollView+Ext.swift */; };
		56B98EEE2745943B00AC67EE /* AppDelegate.swift in Sources */ = {isa = PBXBuildFile; fileRef = 56B98EED2745943B00AC67EE /* AppDelegate.swift */; };
		56B98EF02745943B00AC67EE /* SceneDelegate.swift in Sources */ = {isa = PBXBuildFile; fileRef = 56B98EEF2745943B00AC67EE /* SceneDelegate.swift */; };
		56B98EF72745943D00AC67EE /* Assets.xcassets in Resources */ = {isa = PBXBuildFile; fileRef = 56B98EF62745943D00AC67EE /* Assets.xcassets */; };
		56B98EFA2745943D00AC67EE /* LaunchScreen.storyboard in Resources */ = {isa = PBXBuildFile; fileRef = 56B98EF82745943D00AC67EE /* LaunchScreen.storyboard */; };
		56B98F1B27459B5C00AC67EE /* Requestable.swift in Sources */ = {isa = PBXBuildFile; fileRef = 56B98F0227459B5B00AC67EE /* Requestable.swift */; };
		56B98F2227459B5C00AC67EE /* Api.swift in Sources */ = {isa = PBXBuildFile; fileRef = 56B98F0F27459B5B00AC67EE /* Api.swift */; };
		56B98F2727459B5C00AC67EE /* MyError.swift in Sources */ = {isa = PBXBuildFile; fileRef = 56B98F1727459B5B00AC67EE /* MyError.swift */; };
		56B98F2827459B5C00AC67EE /* NetworkConstants.swift in Sources */ = {isa = PBXBuildFile; fileRef = 56B98F1827459B5B00AC67EE /* NetworkConstants.swift */; };
		56B98F2F27459CE900AC67EE /* Poppins-Regular.ttf in Resources */ = {isa = PBXBuildFile; fileRef = 56B98F2E27459CE900AC67EE /* Poppins-Regular.ttf */; };
		56B98F3327459D1700AC67EE /* Poppins-Bold.ttf in Resources */ = {isa = PBXBuildFile; fileRef = 56B98F3027459D1700AC67EE /* Poppins-Bold.ttf */; };
		56B98F3427459D1700AC67EE /* Poppins-Medium.ttf in Resources */ = {isa = PBXBuildFile; fileRef = 56B98F3127459D1700AC67EE /* Poppins-Medium.ttf */; };
		56B98F3527459D1700AC67EE /* Poppins-SemiBold.ttf in Resources */ = {isa = PBXBuildFile; fileRef = 56B98F3227459D1700AC67EE /* Poppins-SemiBold.ttf */; };
		56B98F8827459D8B00AC67EE /* MainTabBarController.swift in Sources */ = {isa = PBXBuildFile; fileRef = 56B98F4427459D8B00AC67EE /* MainTabBarController.swift */; };
		56B98F9827459D8B00AC67EE /* SelfSizedTableView.swift in Sources */ = {isa = PBXBuildFile; fileRef = 56B98F5C27459D8B00AC67EE /* SelfSizedTableView.swift */; };
		56B98F9927459D8B00AC67EE /* RoundedImageView.swift in Sources */ = {isa = PBXBuildFile; fileRef = 56B98F5E27459D8B00AC67EE /* RoundedImageView.swift */; };
		56B98F9A27459D8B00AC67EE /* CircleImageView.swift in Sources */ = {isa = PBXBuildFile; fileRef = 56B98F5F27459D8B00AC67EE /* CircleImageView.swift */; };
		56B98F9C27459D8B00AC67EE /* UIImageView+Ext.swift in Sources */ = {isa = PBXBuildFile; fileRef = 56B98F6327459D8B00AC67EE /* UIImageView+Ext.swift */; };
		56B98F9D27459D8B00AC67EE /* UICollectionView+Ext.swift in Sources */ = {isa = PBXBuildFile; fileRef = 56B98F6427459D8B00AC67EE /* UICollectionView+Ext.swift */; };
		56B98FA227459D8B00AC67EE /* UITableView+Ext.swift in Sources */ = {isa = PBXBuildFile; fileRef = 56B98F6927459D8B00AC67EE /* UITableView+Ext.swift */; };
		56B98FA327459D8B00AC67EE /* UINavigationController+Ext.swift in Sources */ = {isa = PBXBuildFile; fileRef = 56B98F6A27459D8B00AC67EE /* UINavigationController+Ext.swift */; };
		56B98FA527459D8B00AC67EE /* String+Ext.swift in Sources */ = {isa = PBXBuildFile; fileRef = 56B98F6C27459D8B00AC67EE /* String+Ext.swift */; };
		56B98FA627459D8B00AC67EE /* UIColor+Ext.swift in Sources */ = {isa = PBXBuildFile; fileRef = 56B98F6D27459D8B00AC67EE /* UIColor+Ext.swift */; };
		56B98FA727459D8B00AC67EE /* UIFonts+Ext.swift in Sources */ = {isa = PBXBuildFile; fileRef = 56B98F6E27459D8B00AC67EE /* UIFonts+Ext.swift */; };
		56B98FA927459D8B00AC67EE /* UIViewController+Ext.swift in Sources */ = {isa = PBXBuildFile; fileRef = 56B98F7027459D8B00AC67EE /* UIViewController+Ext.swift */; };
		56B98FB127459D8B00AC67EE /* Utils.swift in Sources */ = {isa = PBXBuildFile; fileRef = 56B98F7B27459D8B00AC67EE /* Utils.swift */; };
		56B98FB327459D8B00AC67EE /* BaseViewController.swift in Sources */ = {isa = PBXBuildFile; fileRef = 56B98F7E27459D8B00AC67EE /* BaseViewController.swift */; };
		56B98FB427459D8B00AC67EE /* BaseViewModel.swift in Sources */ = {isa = PBXBuildFile; fileRef = 56B98F7F27459D8B00AC67EE /* BaseViewModel.swift */; };
		56B98FB72745A7EC00AC67EE /* BottomShadowView.swift in Sources */ = {isa = PBXBuildFile; fileRef = 56B98FB62745A7EC00AC67EE /* BottomShadowView.swift */; };
		56B98FBE2745B24F00AC67EE /* CategoryDetailsViewController.swift in Sources */ = {isa = PBXBuildFile; fileRef = 56B98FBC2745B24F00AC67EE /* CategoryDetailsViewController.swift */; };
		56B98FBF2745B24F00AC67EE /* CategoryDetailsViewController.xib in Resources */ = {isa = PBXBuildFile; fileRef = 56B98FBD2745B24F00AC67EE /* CategoryDetailsViewController.xib */; };
		56B98FC32745B26900AC67EE /* ProductDetailsViewController.swift in Sources */ = {isa = PBXBuildFile; fileRef = 56B98FC12745B26900AC67EE /* ProductDetailsViewController.swift */; };
		56B98FC42745B26900AC67EE /* ProductDetailsViewController.xib in Resources */ = {isa = PBXBuildFile; fileRef = 56B98FC22745B26900AC67EE /* ProductDetailsViewController.xib */; };
		56B98FC72745B54B00AC67EE /* Colors.xcassets in Resources */ = {isa = PBXBuildFile; fileRef = 56B98FC62745B54B00AC67EE /* Colors.xcassets */; };
		56D040D82747F0C5003F20AB /* ProductCollectionViewCell.swift in Sources */ = {isa = PBXBuildFile; fileRef = 56D040D62747F0C5003F20AB /* ProductCollectionViewCell.swift */; };
		56D040D92747F0C5003F20AB /* ProductCollectionViewCell.xib in Resources */ = {isa = PBXBuildFile; fileRef = 56D040D72747F0C5003F20AB /* ProductCollectionViewCell.xib */; };
		56D040DC2747F98F003F20AB /* RoundedView.swift in Sources */ = {isa = PBXBuildFile; fileRef = 56D040DB2747F98F003F20AB /* RoundedView.swift */; };
		56D040DF27480217003F20AB /* Product.swift in Sources */ = {isa = PBXBuildFile; fileRef = 56D040DE27480217003F20AB /* Product.swift */; };
		56D040E2274802AD003F20AB /* CategoriesAPIs.swift in Sources */ = {isa = PBXBuildFile; fileRef = 56D040E1274802AD003F20AB /* CategoriesAPIs.swift */; };
		56D040E427484752003F20AB /* CategoriesViewModel.swift in Sources */ = {isa = PBXBuildFile; fileRef = 56D040E327484752003F20AB /* CategoriesViewModel.swift */; };
		56D040E6274847F3003F20AB /* ResponseModel.swift in Sources */ = {isa = PBXBuildFile; fileRef = 56D040E5274847F3003F20AB /* ResponseModel.swift */; };
		56D040EA27497F88003F20AB /* SortViewController.swift in Sources */ = {isa = PBXBuildFile; fileRef = 56D040E827497F87003F20AB /* SortViewController.swift */; };
		56D040EB27497F88003F20AB /* SortViewController.xib in Resources */ = {isa = PBXBuildFile; fileRef = 56D040E927497F87003F20AB /* SortViewController.xib */; };
		56D040F0274981BE003F20AB /* SortTableViewCell.swift in Sources */ = {isa = PBXBuildFile; fileRef = 56D040EE274981BE003F20AB /* SortTableViewCell.swift */; };
		56D040F1274981BE003F20AB /* SortTableViewCell.xib in Resources */ = {isa = PBXBuildFile; fileRef = 56D040EF274981BE003F20AB /* SortTableViewCell.xib */; };
		56D040F327498325003F20AB /* SortViewModel.swift in Sources */ = {isa = PBXBuildFile; fileRef = 56D040F227498325003F20AB /* SortViewModel.swift */; };
		56D040F527499F87003F20AB /* TopRoundedView.swift in Sources */ = {isa = PBXBuildFile; fileRef = 56D040F427499F87003F20AB /* TopRoundedView.swift */; };
		56D45E16274AC67A00D005CC /* UnderlineLabel.swift in Sources */ = {isa = PBXBuildFile; fileRef = 56D45E15274AC67A00D005CC /* UnderlineLabel.swift */; };
		56D45E18274ADD8800D005CC /* UIView+Ext.swift in Sources */ = {isa = PBXBuildFile; fileRef = 56D45E17274ADD8800D005CC /* UIView+Ext.swift */; };
		56D45E1A274ADE4100D005CC /* ProductViewModel.swift in Sources */ = {isa = PBXBuildFile; fileRef = 56D45E19274ADE4000D005CC /* ProductViewModel.swift */; };
		56D45E21274AEA4000D005CC /* ReviewsTableViewCell.swift in Sources */ = {isa = PBXBuildFile; fileRef = 56D45E1F274AEA4000D005CC /* ReviewsTableViewCell.swift */; };
		56D45E22274AEA4000D005CC /* ReviewsTableViewCell.xib in Resources */ = {isa = PBXBuildFile; fileRef = 56D45E20274AEA4000D005CC /* ReviewsTableViewCell.xib */; };
		56D45E25274AF33900D005CC /* SpecificationsTableViewCell.swift in Sources */ = {isa = PBXBuildFile; fileRef = 56D45E23274AF33900D005CC /* SpecificationsTableViewCell.swift */; };
		56D45E26274AF33900D005CC /* SpecificationsTableViewCell.xib in Resources */ = {isa = PBXBuildFile; fileRef = 56D45E24274AF33900D005CC /* SpecificationsTableViewCell.xib */; };
		56D45E29274AFD7800D005CC /* DashPageControl.swift in Sources */ = {isa = PBXBuildFile; fileRef = 56D45E28274AFD7800D005CC /* DashPageControl.swift */; };
		56D45E2F274B001600D005CC /* ImageCollectionViewCell.swift in Sources */ = {isa = PBXBuildFile; fileRef = 56D45E2D274B001500D005CC /* ImageCollectionViewCell.swift */; };
		56D45E30274B001600D005CC /* ImageCollectionViewCell.xib in Resources */ = {isa = PBXBuildFile; fileRef = 56D45E2E274B001500D005CC /* ImageCollectionViewCell.xib */; };
		5F93B1DA439BB5D4EC8C14D0 /* Pods_ASMIO.framework in Frameworks */ = {isa = PBXBuildFile; fileRef = 6D8A6175E384C7923A98475D /* Pods_ASMIO.framework */; };
/* End PBXBuildFile section */

/* Begin PBXFileReference section */
		5659E2D4275359780097A790 /* UIScrollView+Ext.swift */ = {isa = PBXFileReference; fileEncoding = 4; lastKnownFileType = sourcecode.swift; path = "UIScrollView+Ext.swift"; sourceTree = "<group>"; };
		56B98EEA2745943B00AC67EE /* ASMIO.app */ = {isa = PBXFileReference; explicitFileType = wrapper.application; includeInIndex = 0; path = ASMIO.app; sourceTree = BUILT_PRODUCTS_DIR; };
		56B98EED2745943B00AC67EE /* AppDelegate.swift */ = {isa = PBXFileReference; lastKnownFileType = sourcecode.swift; path = AppDelegate.swift; sourceTree = "<group>"; };
		56B98EEF2745943B00AC67EE /* SceneDelegate.swift */ = {isa = PBXFileReference; lastKnownFileType = sourcecode.swift; path = SceneDelegate.swift; sourceTree = "<group>"; };
		56B98EF62745943D00AC67EE /* Assets.xcassets */ = {isa = PBXFileReference; lastKnownFileType = folder.assetcatalog; path = Assets.xcassets; sourceTree = "<group>"; };
		56B98EF92745943D00AC67EE /* Base */ = {isa = PBXFileReference; lastKnownFileType = file.storyboard; name = Base; path = Base.lproj/LaunchScreen.storyboard; sourceTree = "<group>"; };
		56B98EFB2745943D00AC67EE /* Info.plist */ = {isa = PBXFileReference; lastKnownFileType = text.plist.xml; path = Info.plist; sourceTree = "<group>"; };
		56B98F0227459B5B00AC67EE /* Requestable.swift */ = {isa = PBXFileReference; fileEncoding = 4; lastKnownFileType = sourcecode.swift; path = Requestable.swift; sourceTree = "<group>"; };
		56B98F0F27459B5B00AC67EE /* Api.swift */ = {isa = PBXFileReference; fileEncoding = 4; lastKnownFileType = sourcecode.swift; path = Api.swift; sourceTree = "<group>"; };
		56B98F1727459B5B00AC67EE /* MyError.swift */ = {isa = PBXFileReference; fileEncoding = 4; lastKnownFileType = sourcecode.swift; path = MyError.swift; sourceTree = "<group>"; };
		56B98F1827459B5B00AC67EE /* NetworkConstants.swift */ = {isa = PBXFileReference; fileEncoding = 4; lastKnownFileType = sourcecode.swift; path = NetworkConstants.swift; sourceTree = "<group>"; };
		56B98F2E27459CE900AC67EE /* Poppins-Regular.ttf */ = {isa = PBXFileReference; lastKnownFileType = file; path = "Poppins-Regular.ttf"; sourceTree = "<group>"; };
		56B98F3027459D1700AC67EE /* Poppins-Bold.ttf */ = {isa = PBXFileReference; lastKnownFileType = file; path = "Poppins-Bold.ttf"; sourceTree = "<group>"; };
		56B98F3127459D1700AC67EE /* Poppins-Medium.ttf */ = {isa = PBXFileReference; lastKnownFileType = file; path = "Poppins-Medium.ttf"; sourceTree = "<group>"; };
		56B98F3227459D1700AC67EE /* Poppins-SemiBold.ttf */ = {isa = PBXFileReference; lastKnownFileType = file; path = "Poppins-SemiBold.ttf"; sourceTree = "<group>"; };
		56B98F4427459D8B00AC67EE /* MainTabBarController.swift */ = {isa = PBXFileReference; fileEncoding = 4; lastKnownFileType = sourcecode.swift; path = MainTabBarController.swift; sourceTree = "<group>"; };
		56B98F5C27459D8B00AC67EE /* SelfSizedTableView.swift */ = {isa = PBXFileReference; fileEncoding = 4; lastKnownFileType = sourcecode.swift; path = SelfSizedTableView.swift; sourceTree = "<group>"; };
		56B98F5E27459D8B00AC67EE /* RoundedImageView.swift */ = {isa = PBXFileReference; fileEncoding = 4; lastKnownFileType = sourcecode.swift; path = RoundedImageView.swift; sourceTree = "<group>"; };
		56B98F5F27459D8B00AC67EE /* CircleImageView.swift */ = {isa = PBXFileReference; fileEncoding = 4; lastKnownFileType = sourcecode.swift; path = CircleImageView.swift; sourceTree = "<group>"; };
		56B98F6327459D8B00AC67EE /* UIImageView+Ext.swift */ = {isa = PBXFileReference; fileEncoding = 4; lastKnownFileType = sourcecode.swift; path = "UIImageView+Ext.swift"; sourceTree = "<group>"; };
		56B98F6427459D8B00AC67EE /* UICollectionView+Ext.swift */ = {isa = PBXFileReference; fileEncoding = 4; lastKnownFileType = sourcecode.swift; path = "UICollectionView+Ext.swift"; sourceTree = "<group>"; };
		56B98F6927459D8B00AC67EE /* UITableView+Ext.swift */ = {isa = PBXFileReference; fileEncoding = 4; lastKnownFileType = sourcecode.swift; path = "UITableView+Ext.swift"; sourceTree = "<group>"; };
		56B98F6A27459D8B00AC67EE /* UINavigationController+Ext.swift */ = {isa = PBXFileReference; fileEncoding = 4; lastKnownFileType = sourcecode.swift; path = "UINavigationController+Ext.swift"; sourceTree = "<group>"; };
		56B98F6C27459D8B00AC67EE /* String+Ext.swift */ = {isa = PBXFileReference; fileEncoding = 4; lastKnownFileType = sourcecode.swift; path = "String+Ext.swift"; sourceTree = "<group>"; };
		56B98F6D27459D8B00AC67EE /* UIColor+Ext.swift */ = {isa = PBXFileReference; fileEncoding = 4; lastKnownFileType = sourcecode.swift; path = "UIColor+Ext.swift"; sourceTree = "<group>"; };
		56B98F6E27459D8B00AC67EE /* UIFonts+Ext.swift */ = {isa = PBXFileReference; fileEncoding = 4; lastKnownFileType = sourcecode.swift; path = "UIFonts+Ext.swift"; sourceTree = "<group>"; };
		56B98F7027459D8B00AC67EE /* UIViewController+Ext.swift */ = {isa = PBXFileReference; fileEncoding = 4; lastKnownFileType = sourcecode.swift; path = "UIViewController+Ext.swift"; sourceTree = "<group>"; };
		56B98F7B27459D8B00AC67EE /* Utils.swift */ = {isa = PBXFileReference; fileEncoding = 4; lastKnownFileType = sourcecode.swift; path = Utils.swift; sourceTree = "<group>"; };
		56B98F7E27459D8B00AC67EE /* BaseViewController.swift */ = {isa = PBXFileReference; fileEncoding = 4; lastKnownFileType = sourcecode.swift; path = BaseViewController.swift; sourceTree = "<group>"; };
		56B98F7F27459D8B00AC67EE /* BaseViewModel.swift */ = {isa = PBXFileReference; fileEncoding = 4; lastKnownFileType = sourcecode.swift; path = BaseViewModel.swift; sourceTree = "<group>"; };
		56B98FB62745A7EC00AC67EE /* BottomShadowView.swift */ = {isa = PBXFileReference; fileEncoding = 4; lastKnownFileType = sourcecode.swift; path = BottomShadowView.swift; sourceTree = "<group>"; };
		56B98FBC2745B24F00AC67EE /* CategoryDetailsViewController.swift */ = {isa = PBXFileReference; lastKnownFileType = sourcecode.swift; path = CategoryDetailsViewController.swift; sourceTree = "<group>"; };
		56B98FBD2745B24F00AC67EE /* CategoryDetailsViewController.xib */ = {isa = PBXFileReference; lastKnownFileType = file.xib; path = CategoryDetailsViewController.xib; sourceTree = "<group>"; };
		56B98FC12745B26900AC67EE /* ProductDetailsViewController.swift */ = {isa = PBXFileReference; lastKnownFileType = sourcecode.swift; path = ProductDetailsViewController.swift; sourceTree = "<group>"; };
		56B98FC22745B26900AC67EE /* ProductDetailsViewController.xib */ = {isa = PBXFileReference; lastKnownFileType = file.xib; path = ProductDetailsViewController.xib; sourceTree = "<group>"; };
		56B98FC62745B54B00AC67EE /* Colors.xcassets */ = {isa = PBXFileReference; lastKnownFileType = folder.assetcatalog; path = Colors.xcassets; sourceTree = "<group>"; };
		56D040D62747F0C5003F20AB /* ProductCollectionViewCell.swift */ = {isa = PBXFileReference; lastKnownFileType = sourcecode.swift; path = ProductCollectionViewCell.swift; sourceTree = "<group>"; };
		56D040D72747F0C5003F20AB /* ProductCollectionViewCell.xib */ = {isa = PBXFileReference; lastKnownFileType = file.xib; path = ProductCollectionViewCell.xib; sourceTree = "<group>"; };
		56D040DB2747F98F003F20AB /* RoundedView.swift */ = {isa = PBXFileReference; lastKnownFileType = sourcecode.swift; path = RoundedView.swift; sourceTree = "<group>"; };
		56D040DE27480217003F20AB /* Product.swift */ = {isa = PBXFileReference; lastKnownFileType = sourcecode.swift; path = Product.swift; sourceTree = "<group>"; };
		56D040E1274802AD003F20AB /* CategoriesAPIs.swift */ = {isa = PBXFileReference; lastKnownFileType = sourcecode.swift; path = CategoriesAPIs.swift; sourceTree = "<group>"; };
		56D040E327484752003F20AB /* CategoriesViewModel.swift */ = {isa = PBXFileReference; lastKnownFileType = sourcecode.swift; path = CategoriesViewModel.swift; sourceTree = "<group>"; };
		56D040E5274847F3003F20AB /* ResponseModel.swift */ = {isa = PBXFileReference; fileEncoding = 4; lastKnownFileType = sourcecode.swift; path = ResponseModel.swift; sourceTree = "<group>"; };
		56D040E827497F87003F20AB /* SortViewController.swift */ = {isa = PBXFileReference; lastKnownFileType = sourcecode.swift; path = SortViewController.swift; sourceTree = "<group>"; };
		56D040E927497F87003F20AB /* SortViewController.xib */ = {isa = PBXFileReference; lastKnownFileType = file.xib; path = SortViewController.xib; sourceTree = "<group>"; };
		56D040EE274981BE003F20AB /* SortTableViewCell.swift */ = {isa = PBXFileReference; lastKnownFileType = sourcecode.swift; path = SortTableViewCell.swift; sourceTree = "<group>"; };
		56D040EF274981BE003F20AB /* SortTableViewCell.xib */ = {isa = PBXFileReference; lastKnownFileType = file.xib; path = SortTableViewCell.xib; sourceTree = "<group>"; };
		56D040F227498325003F20AB /* SortViewModel.swift */ = {isa = PBXFileReference; lastKnownFileType = sourcecode.swift; path = SortViewModel.swift; sourceTree = "<group>"; };
		56D040F427499F87003F20AB /* TopRoundedView.swift */ = {isa = PBXFileReference; lastKnownFileType = sourcecode.swift; path = TopRoundedView.swift; sourceTree = "<group>"; };
		56D45E15274AC67A00D005CC /* UnderlineLabel.swift */ = {isa = PBXFileReference; lastKnownFileType = sourcecode.swift; path = UnderlineLabel.swift; sourceTree = "<group>"; };
		56D45E17274ADD8800D005CC /* UIView+Ext.swift */ = {isa = PBXFileReference; lastKnownFileType = sourcecode.swift; path = "UIView+Ext.swift"; sourceTree = "<group>"; };
		56D45E19274ADE4000D005CC /* ProductViewModel.swift */ = {isa = PBXFileReference; lastKnownFileType = sourcecode.swift; path = ProductViewModel.swift; sourceTree = "<group>"; };
		56D45E1F274AEA4000D005CC /* ReviewsTableViewCell.swift */ = {isa = PBXFileReference; lastKnownFileType = sourcecode.swift; path = ReviewsTableViewCell.swift; sourceTree = "<group>"; };
		56D45E20274AEA4000D005CC /* ReviewsTableViewCell.xib */ = {isa = PBXFileReference; lastKnownFileType = file.xib; path = ReviewsTableViewCell.xib; sourceTree = "<group>"; };
		56D45E23274AF33900D005CC /* SpecificationsTableViewCell.swift */ = {isa = PBXFileReference; lastKnownFileType = sourcecode.swift; path = SpecificationsTableViewCell.swift; sourceTree = "<group>"; };
		56D45E24274AF33900D005CC /* SpecificationsTableViewCell.xib */ = {isa = PBXFileReference; lastKnownFileType = file.xib; path = SpecificationsTableViewCell.xib; sourceTree = "<group>"; };
		56D45E28274AFD7800D005CC /* DashPageControl.swift */ = {isa = PBXFileReference; lastKnownFileType = sourcecode.swift; path = DashPageControl.swift; sourceTree = "<group>"; };
		56D45E2D274B001500D005CC /* ImageCollectionViewCell.swift */ = {isa = PBXFileReference; lastKnownFileType = sourcecode.swift; path = ImageCollectionViewCell.swift; sourceTree = "<group>"; };
		56D45E2E274B001500D005CC /* ImageCollectionViewCell.xib */ = {isa = PBXFileReference; lastKnownFileType = file.xib; path = ImageCollectionViewCell.xib; sourceTree = "<group>"; };
		6D8A6175E384C7923A98475D /* Pods_ASMIO.framework */ = {isa = PBXFileReference; explicitFileType = wrapper.framework; includeInIndex = 0; path = Pods_ASMIO.framework; sourceTree = BUILT_PRODUCTS_DIR; };
		78BDDCEF5DBE0E5C99ED5D3C /* Pods-ASMIO.release.xcconfig */ = {isa = PBXFileReference; includeInIndex = 1; lastKnownFileType = text.xcconfig; name = "Pods-ASMIO.release.xcconfig"; path = "Target Support Files/Pods-ASMIO/Pods-ASMIO.release.xcconfig"; sourceTree = "<group>"; };
		90B8779DA98919281BF244C0 /* Pods-ASMIO.debug.xcconfig */ = {isa = PBXFileReference; includeInIndex = 1; lastKnownFileType = text.xcconfig; name = "Pods-ASMIO.debug.xcconfig"; path = "Target Support Files/Pods-ASMIO/Pods-ASMIO.debug.xcconfig"; sourceTree = "<group>"; };
/* End PBXFileReference section */

/* Begin PBXFrameworksBuildPhase section */
		56B98EE72745943B00AC67EE /* Frameworks */ = {
			isa = PBXFrameworksBuildPhase;
			buildActionMask = 2147483647;
			files = (
				5F93B1DA439BB5D4EC8C14D0 /* Pods_ASMIO.framework in Frameworks */,
			);
			runOnlyForDeploymentPostprocessing = 0;
		};
/* End PBXFrameworksBuildPhase section */

/* Begin PBXGroup section */
		1F3C1EC551AE32348C8EAA5A /* Pods */ = {
			isa = PBXGroup;
			children = (
				90B8779DA98919281BF244C0 /* Pods-ASMIO.debug.xcconfig */,
				78BDDCEF5DBE0E5C99ED5D3C /* Pods-ASMIO.release.xcconfig */,
			);
			path = Pods;
			sourceTree = "<group>";
		};
		56354DBB1DE6D3E2F4AB3D7C /* Frameworks */ = {
			isa = PBXGroup;
			children = (
				6D8A6175E384C7923A98475D /* Pods_ASMIO.framework */,
			);
			name = Frameworks;
			sourceTree = "<group>";
		};
		56B98EE12745943B00AC67EE = {
			isa = PBXGroup;
			children = (
				56B98EEC2745943B00AC67EE /* ASMIO */,
				56B98EEB2745943B00AC67EE /* Products */,
				1F3C1EC551AE32348C8EAA5A /* Pods */,
				56354DBB1DE6D3E2F4AB3D7C /* Frameworks */,
			);
			sourceTree = "<group>";
		};
		56B98EEB2745943B00AC67EE /* Products */ = {
			isa = PBXGroup;
			children = (
				56B98EEA2745943B00AC67EE /* ASMIO.app */,
			);
			name = Products;
			sourceTree = "<group>";
		};
		56B98EEC2745943B00AC67EE /* ASMIO */ = {
			isa = PBXGroup;
			children = (
				56D040DD27480205003F20AB /* Models */,
				56B98FB52745A7C300AC67EE /* AppDelegate */,
				56B98FB92745B21000AC67EE /* Modules */,
				56B98F3627459D8B00AC67EE /* Common */,
				56B98F0127459B5B00AC67EE /* Networking */,
				56B98F2A27459B6200AC67EE /* SupportingFiles */,
				56B98EFB2745943D00AC67EE /* Info.plist */,
			);
			path = ASMIO;
			sourceTree = "<group>";
		};
		56B98F0127459B5B00AC67EE /* Networking */ = {
			isa = PBXGroup;
			children = (
				56D040E02748029A003F20AB /* APIs */,
				56B98F0227459B5B00AC67EE /* Requestable.swift */,
				56B98F0F27459B5B00AC67EE /* Api.swift */,
				56B98F1727459B5B00AC67EE /* MyError.swift */,
				56B98F1827459B5B00AC67EE /* NetworkConstants.swift */,
			);
			path = Networking;
			sourceTree = "<group>";
		};
		56B98F2A27459B6200AC67EE /* SupportingFiles */ = {
			isa = PBXGroup;
			children = (
				56B98F2D27459CD400AC67EE /* LaunchScreen */,
				56B98F2C27459CCA00AC67EE /* Assets */,
				56B98F2B27459CC000AC67EE /* Fonts */,
			);
			path = SupportingFiles;
			sourceTree = "<group>";
		};
		56B98F2B27459CC000AC67EE /* Fonts */ = {
			isa = PBXGroup;
			children = (
				56B98F2E27459CE900AC67EE /* Poppins-Regular.ttf */,
				56B98F3027459D1700AC67EE /* Poppins-Bold.ttf */,
				56B98F3127459D1700AC67EE /* Poppins-Medium.ttf */,
				56B98F3227459D1700AC67EE /* Poppins-SemiBold.ttf */,
			);
			path = Fonts;
			sourceTree = "<group>";
		};
		56B98F2C27459CCA00AC67EE /* Assets */ = {
			isa = PBXGroup;
			children = (
				56B98EF62745943D00AC67EE /* Assets.xcassets */,
				56B98FC62745B54B00AC67EE /* Colors.xcassets */,
			);
			path = Assets;
			sourceTree = "<group>";
		};
		56B98F2D27459CD400AC67EE /* LaunchScreen */ = {
			isa = PBXGroup;
			children = (
				56B98EF82745943D00AC67EE /* LaunchScreen.storyboard */,
			);
			path = LaunchScreen;
			sourceTree = "<group>";
		};
		56B98F3627459D8B00AC67EE /* Common */ = {
			isa = PBXGroup;
			children = (
				56B98F3727459D8B00AC67EE /* CustomUI */,
				56B98F6227459D8B00AC67EE /* Extensions */,
				56B98F7227459D8B00AC67EE /* Helper */,
				56B98F7D27459D8B00AC67EE /* Base */,
			);
			path = Common;
			sourceTree = "<group>";
		};
		56B98F3727459D8B00AC67EE /* CustomUI */ = {
			isa = PBXGroup;
			children = (
				56D45E27274AFD6100D005CC /* CustomPageControl */,
				56D45E14274AC66500D005CC /* CustomLabel */,
				56B98F5B27459D8B00AC67EE /* CustomTableViews */,
				56B98F5D27459D8B00AC67EE /* CustomImageViews */,
				56B98FB82745A7EF00AC67EE /* CustomUIViews */,
			);
			path = CustomUI;
			sourceTree = "<group>";
		};
		56B98F4327459D8B00AC67EE /* TabBar */ = {
			isa = PBXGroup;
			children = (
				56B98F4427459D8B00AC67EE /* MainTabBarController.swift */,
			);
			path = TabBar;
			sourceTree = "<group>";
		};
		56B98F5B27459D8B00AC67EE /* CustomTableViews */ = {
			isa = PBXGroup;
			children = (
				56B98F5C27459D8B00AC67EE /* SelfSizedTableView.swift */,
			);
			path = CustomTableViews;
			sourceTree = "<group>";
		};
		56B98F5D27459D8B00AC67EE /* CustomImageViews */ = {
			isa = PBXGroup;
			children = (
				56B98F5E27459D8B00AC67EE /* RoundedImageView.swift */,
				56B98F5F27459D8B00AC67EE /* CircleImageView.swift */,
			);
			path = CustomImageViews;
			sourceTree = "<group>";
		};
		56B98F6227459D8B00AC67EE /* Extensions */ = {
			isa = PBXGroup;
			children = (
				5659E2D4275359780097A790 /* UIScrollView+Ext.swift */,
				56B98F6327459D8B00AC67EE /* UIImageView+Ext.swift */,
				56B98F6427459D8B00AC67EE /* UICollectionView+Ext.swift */,
				56B98F6927459D8B00AC67EE /* UITableView+Ext.swift */,
				56B98F6A27459D8B00AC67EE /* UINavigationController+Ext.swift */,
				56B98F6C27459D8B00AC67EE /* String+Ext.swift */,
				56B98F6D27459D8B00AC67EE /* UIColor+Ext.swift */,
				56B98F6E27459D8B00AC67EE /* UIFonts+Ext.swift */,
				56B98F7027459D8B00AC67EE /* UIViewController+Ext.swift */,
				56D45E17274ADD8800D005CC /* UIView+Ext.swift */,
			);
			path = Extensions;
			sourceTree = "<group>";
		};
		56B98F7227459D8B00AC67EE /* Helper */ = {
			isa = PBXGroup;
			children = (
				56B98F7B27459D8B00AC67EE /* Utils.swift */,
			);
			path = Helper;
			sourceTree = "<group>";
		};
		56B98F7D27459D8B00AC67EE /* Base */ = {
			isa = PBXGroup;
			children = (
				56B98F7E27459D8B00AC67EE /* BaseViewController.swift */,
				56B98F7F27459D8B00AC67EE /* BaseViewModel.swift */,
			);
			path = Base;
			sourceTree = "<group>";
		};
		56B98FB52745A7C300AC67EE /* AppDelegate */ = {
			isa = PBXGroup;
			children = (
				56B98EED2745943B00AC67EE /* AppDelegate.swift */,
				56B98EEF2745943B00AC67EE /* SceneDelegate.swift */,
			);
			path = AppDelegate;
			sourceTree = "<group>";
		};
		56B98FB82745A7EF00AC67EE /* CustomUIViews */ = {
			isa = PBXGroup;
			children = (
				56B98FB62745A7EC00AC67EE /* BottomShadowView.swift */,
				56D040DB2747F98F003F20AB /* RoundedView.swift */,
				56D040F427499F87003F20AB /* TopRoundedView.swift */,
			);
			path = CustomUIViews;
			sourceTree = "<group>";
		};
		56B98FB92745B21000AC67EE /* Modules */ = {
			isa = PBXGroup;
			children = (
				56B98F4327459D8B00AC67EE /* TabBar */,
				56B98FC52745B28A00AC67EE /* Categories */,
			);
			path = Modules;
			sourceTree = "<group>";
		};
		56B98FBA2745B21E00AC67EE /* CategoryDetails */ = {
			isa = PBXGroup;
			children = (
				56D040D42747F091003F20AB /* Cell */,
				56D040E327484752003F20AB /* CategoriesViewModel.swift */,
				56B98FBC2745B24F00AC67EE /* CategoryDetailsViewController.swift */,
				56B98FBD2745B24F00AC67EE /* CategoryDetailsViewController.xib */,
				56D040E727497F58003F20AB /* SortViewController */,
			);
			path = CategoryDetails;
			sourceTree = "<group>";
		};
		56B98FBB2745B22B00AC67EE /* ProductDetails */ = {
			isa = PBXGroup;
			children = (
				56D45E1B274AE9F100D005CC /* Cells */,
				56D45E19274ADE4000D005CC /* ProductViewModel.swift */,
				56B98FC12745B26900AC67EE /* ProductDetailsViewController.swift */,
				56B98FC22745B26900AC67EE /* ProductDetailsViewController.xib */,
			);
			path = ProductDetails;
			sourceTree = "<group>";
		};
		56B98FC52745B28A00AC67EE /* Categories */ = {
			isa = PBXGroup;
			children = (
				56B98FBA2745B21E00AC67EE /* CategoryDetails */,
				56B98FBB2745B22B00AC67EE /* ProductDetails */,
			);
			path = Categories;
			sourceTree = "<group>";
		};
		56D040D42747F091003F20AB /* Cell */ = {
			isa = PBXGroup;
			children = (
				56D040D52747F098003F20AB /* ProductCollectionViewCell */,
			);
			path = Cell;
			sourceTree = "<group>";
		};
		56D040D52747F098003F20AB /* ProductCollectionViewCell */ = {
			isa = PBXGroup;
			children = (
				56D040D62747F0C5003F20AB /* ProductCollectionViewCell.swift */,
				56D040D72747F0C5003F20AB /* ProductCollectionViewCell.xib */,
			);
			path = ProductCollectionViewCell;
			sourceTree = "<group>";
		};
		56D040DD27480205003F20AB /* Models */ = {
			isa = PBXGroup;
			children = (
				56D040E5274847F3003F20AB /* ResponseModel.swift */,
				56D040DE27480217003F20AB /* Product.swift */,
			);
			path = Models;
			sourceTree = "<group>";
		};
		56D040E02748029A003F20AB /* APIs */ = {
			isa = PBXGroup;
			children = (
				56D040E1274802AD003F20AB /* CategoriesAPIs.swift */,
			);
			path = APIs;
			sourceTree = "<group>";
		};
		56D040E727497F58003F20AB /* SortViewController */ = {
			isa = PBXGroup;
			children = (
				56D040EC2749819E003F20AB /* Cells */,
				56D040F227498325003F20AB /* SortViewModel.swift */,
				56D040E827497F87003F20AB /* SortViewController.swift */,
				56D040E927497F87003F20AB /* SortViewController.xib */,
			);
			path = SortViewController;
			sourceTree = "<group>";
		};
		56D040EC2749819E003F20AB /* Cells */ = {
			isa = PBXGroup;
			children = (
				56D040ED274981A5003F20AB /* SortTableViewCell */,
			);
			path = Cells;
			sourceTree = "<group>";
		};
		56D040ED274981A5003F20AB /* SortTableViewCell */ = {
			isa = PBXGroup;
			children = (
				56D040EE274981BE003F20AB /* SortTableViewCell.swift */,
				56D040EF274981BE003F20AB /* SortTableViewCell.xib */,
			);
			path = SortTableViewCell;
			sourceTree = "<group>";
		};
		56D45E14274AC66500D005CC /* CustomLabel */ = {
			isa = PBXGroup;
			children = (
				56D45E15274AC67A00D005CC /* UnderlineLabel.swift */,
			);
			path = CustomLabel;
			sourceTree = "<group>";
		};
		56D45E1B274AE9F100D005CC /* Cells */ = {
			isa = PBXGroup;
			children = (
				56D45E1E274AEA1500D005CC /* ReviewTableViewCell */,
				56D45E1D274AEA0800D005CC /* SpecificationTableViewCell */,
				56D45E1C274AE9FC00D005CC /* ImageCollectionViewCell */,
			);
			path = Cells;
			sourceTree = "<group>";
		};
		56D45E1C274AE9FC00D005CC /* ImageCollectionViewCell */ = {
			isa = PBXGroup;
			children = (
				56D45E2D274B001500D005CC /* ImageCollectionViewCell.swift */,
				56D45E2E274B001500D005CC /* ImageCollectionViewCell.xib */,
			);
			path = ImageCollectionViewCell;
			sourceTree = "<group>";
		};
		56D45E1D274AEA0800D005CC /* SpecificationTableViewCell */ = {
			isa = PBXGroup;
			children = (
				56D45E23274AF33900D005CC /* SpecificationsTableViewCell.swift */,
				56D45E24274AF33900D005CC /* SpecificationsTableViewCell.xib */,
			);
			path = SpecificationTableViewCell;
			sourceTree = "<group>";
		};
		56D45E1E274AEA1500D005CC /* ReviewTableViewCell */ = {
			isa = PBXGroup;
			children = (
				56D45E1F274AEA4000D005CC /* ReviewsTableViewCell.swift */,
				56D45E20274AEA4000D005CC /* ReviewsTableViewCell.xib */,
			);
			path = ReviewTableViewCell;
			sourceTree = "<group>";
		};
		56D45E27274AFD6100D005CC /* CustomPageControl */ = {
			isa = PBXGroup;
			children = (
				56D45E28274AFD7800D005CC /* DashPageControl.swift */,
			);
			path = CustomPageControl;
			sourceTree = "<group>";
		};
/* End PBXGroup section */

/* Begin PBXNativeTarget section */
		56B98EE92745943B00AC67EE /* ASMIO */ = {
			isa = PBXNativeTarget;
			buildConfigurationList = 56B98EFE2745943D00AC67EE /* Build configuration list for PBXNativeTarget "ASMIO" */;
			buildPhases = (
				D4C3BD8D2DC039885EEE4493 /* [CP] Check Pods Manifest.lock */,
				56B98EE62745943B00AC67EE /* Sources */,
				56B98EE72745943B00AC67EE /* Frameworks */,
				56B98EE82745943B00AC67EE /* Resources */,
				C396ACCD79B68100444E0C85 /* [CP] Embed Pods Frameworks */,
			);
			buildRules = (
			);
			dependencies = (
			);
			name = ASMIO;
			productName = ASMIO;
			productReference = 56B98EEA2745943B00AC67EE /* ASMIO.app */;
			productType = "com.apple.product-type.application";
		};
/* End PBXNativeTarget section */

/* Begin PBXProject section */
		56B98EE22745943B00AC67EE /* Project object */ = {
			isa = PBXProject;
			attributes = {
				BuildIndependentTargetsInParallel = 1;
				LastSwiftUpdateCheck = 1300;
				LastUpgradeCheck = 1300;
				TargetAttributes = {
					56B98EE92745943B00AC67EE = {
						CreatedOnToolsVersion = 13.0;
					};
				};
			};
			buildConfigurationList = 56B98EE52745943B00AC67EE /* Build configuration list for PBXProject "ASMIO" */;
			compatibilityVersion = "Xcode 13.0";
			developmentRegion = en;
			hasScannedForEncodings = 0;
			knownRegions = (
				en,
				Base,
			);
			mainGroup = 56B98EE12745943B00AC67EE;
			productRefGroup = 56B98EEB2745943B00AC67EE /* Products */;
			projectDirPath = "";
			projectRoot = "";
			targets = (
				56B98EE92745943B00AC67EE /* ASMIO */,
			);
		};
/* End PBXProject section */

/* Begin PBXResourcesBuildPhase section */
		56B98EE82745943B00AC67EE /* Resources */ = {
			isa = PBXResourcesBuildPhase;
			buildActionMask = 2147483647;
			files = (
				56B98FC72745B54B00AC67EE /* Colors.xcassets in Resources */,
				56B98F2F27459CE900AC67EE /* Poppins-Regular.ttf in Resources */,
				56D040D92747F0C5003F20AB /* ProductCollectionViewCell.xib in Resources */,
				56B98EFA2745943D00AC67EE /* LaunchScreen.storyboard in Resources */,
				56D45E30274B001600D005CC /* ImageCollectionViewCell.xib in Resources */,
				56D45E22274AEA4000D005CC /* ReviewsTableViewCell.xib in Resources */,
				56B98EF72745943D00AC67EE /* Assets.xcassets in Resources */,
				56D040F1274981BE003F20AB /* SortTableViewCell.xib in Resources */,
				56D040EB27497F88003F20AB /* SortViewController.xib in Resources */,
				56B98F3527459D1700AC67EE /* Poppins-SemiBold.ttf in Resources */,
				56B98FBF2745B24F00AC67EE /* CategoryDetailsViewController.xib in Resources */,
				56B98F3327459D1700AC67EE /* Poppins-Bold.ttf in Resources */,
				56B98FC42745B26900AC67EE /* ProductDetailsViewController.xib in Resources */,
				56B98F3427459D1700AC67EE /* Poppins-Medium.ttf in Resources */,
				56D45E26274AF33900D005CC /* SpecificationsTableViewCell.xib in Resources */,
			);
			runOnlyForDeploymentPostprocessing = 0;
		};
/* End PBXResourcesBuildPhase section */

/* Begin PBXShellScriptBuildPhase section */
		C396ACCD79B68100444E0C85 /* [CP] Embed Pods Frameworks */ = {
			isa = PBXShellScriptBuildPhase;
			buildActionMask = 2147483647;
			files = (
			);
			inputFileListPaths = (
				"${PODS_ROOT}/Target Support Files/Pods-ASMIO/Pods-ASMIO-frameworks-${CONFIGURATION}-input-files.xcfilelist",
			);
			name = "[CP] Embed Pods Frameworks";
			outputFileListPaths = (
				"${PODS_ROOT}/Target Support Files/Pods-ASMIO/Pods-ASMIO-frameworks-${CONFIGURATION}-output-files.xcfilelist",
			);
			runOnlyForDeploymentPostprocessing = 0;
			shellPath = /bin/sh;
			shellScript = "\"${PODS_ROOT}/Target Support Files/Pods-ASMIO/Pods-ASMIO-frameworks.sh\"\n";
			showEnvVarsInLog = 0;
		};
		D4C3BD8D2DC039885EEE4493 /* [CP] Check Pods Manifest.lock */ = {
			isa = PBXShellScriptBuildPhase;
			buildActionMask = 2147483647;
			files = (
			);
			inputFileListPaths = (
			);
			inputPaths = (
				"${PODS_PODFILE_DIR_PATH}/Podfile.lock",
				"${PODS_ROOT}/Manifest.lock",
			);
			name = "[CP] Check Pods Manifest.lock";
			outputFileListPaths = (
			);
			outputPaths = (
				"$(DERIVED_FILE_DIR)/Pods-ASMIO-checkManifestLockResult.txt",
			);
			runOnlyForDeploymentPostprocessing = 0;
			shellPath = /bin/sh;
			shellScript = "diff \"${PODS_PODFILE_DIR_PATH}/Podfile.lock\" \"${PODS_ROOT}/Manifest.lock\" > /dev/null\nif [ $? != 0 ] ; then\n    # print error to STDERR\n    echo \"error: The sandbox is not in sync with the Podfile.lock. Run 'pod install' or update your CocoaPods installation.\" >&2\n    exit 1\nfi\n# This output is used by Xcode 'outputs' to avoid re-running this script phase.\necho \"SUCCESS\" > \"${SCRIPT_OUTPUT_FILE_0}\"\n";
			showEnvVarsInLog = 0;
		};
/* End PBXShellScriptBuildPhase section */

/* Begin PBXSourcesBuildPhase section */
		56B98EE62745943B00AC67EE /* Sources */ = {
			isa = PBXSourcesBuildPhase;
			buildActionMask = 2147483647;
			files = (
				56B98F9A27459D8B00AC67EE /* CircleImageView.swift in Sources */,
				56B98FBE2745B24F00AC67EE /* CategoryDetailsViewController.swift in Sources */,
				56D040DC2747F98F003F20AB /* RoundedView.swift in Sources */,
				56B98FA327459D8B00AC67EE /* UINavigationController+Ext.swift in Sources */,
				56B98FC32745B26900AC67EE /* ProductDetailsViewController.swift in Sources */,
				56D45E2F274B001600D005CC /* ImageCollectionViewCell.swift in Sources */,
				56B98FA727459D8B00AC67EE /* UIFonts+Ext.swift in Sources */,
				56B98F2727459B5C00AC67EE /* MyError.swift in Sources */,
				56D45E21274AEA4000D005CC /* ReviewsTableViewCell.swift in Sources */,
				56D040D82747F0C5003F20AB /* ProductCollectionViewCell.swift in Sources */,
				56B98F1B27459B5C00AC67EE /* Requestable.swift in Sources */,
				56D040F0274981BE003F20AB /* SortTableViewCell.swift in Sources */,
				56B98EEE2745943B00AC67EE /* AppDelegate.swift in Sources */,
				56D040E427484752003F20AB /* CategoriesViewModel.swift in Sources */,
				56B98F9927459D8B00AC67EE /* RoundedImageView.swift in Sources */,
				56D45E29274AFD7800D005CC /* DashPageControl.swift in Sources */,
				56D040E2274802AD003F20AB /* CategoriesAPIs.swift in Sources */,
				56B98F9827459D8B00AC67EE /* SelfSizedTableView.swift in Sources */,
				56B98FA927459D8B00AC67EE /* UIViewController+Ext.swift in Sources */,
				56D040DF27480217003F20AB /* Product.swift in Sources */,
				56B98FB72745A7EC00AC67EE /* BottomShadowView.swift in Sources */,
				56D040F527499F87003F20AB /* TopRoundedView.swift in Sources */,
				56D45E25274AF33900D005CC /* SpecificationsTableViewCell.swift in Sources */,
				56B98FB327459D8B00AC67EE /* BaseViewController.swift in Sources */,
				56D45E16274AC67A00D005CC /* UnderlineLabel.swift in Sources */,
				56B98FB427459D8B00AC67EE /* BaseViewModel.swift in Sources */,
				56B98F2827459B5C00AC67EE /* NetworkConstants.swift in Sources */,
				56B98EF02745943B00AC67EE /* SceneDelegate.swift in Sources */,
				56B98FA227459D8B00AC67EE /* UITableView+Ext.swift in Sources */,
				5659E2D5275359780097A790 /* UIScrollView+Ext.swift in Sources */,
				56B98F8827459D8B00AC67EE /* MainTabBarController.swift in Sources */,
				56D040F327498325003F20AB /* SortViewModel.swift in Sources */,
				56B98FA627459D8B00AC67EE /* UIColor+Ext.swift in Sources */,
				56B98F2227459B5C00AC67EE /* Api.swift in Sources */,
				56B98FA527459D8B00AC67EE /* String+Ext.swift in Sources */,
				56D040EA27497F88003F20AB /* SortViewController.swift in Sources */,
				56B98FB127459D8B00AC67EE /* Utils.swift in Sources */,
				56D45E18274ADD8800D005CC /* UIView+Ext.swift in Sources */,
				56D040E6274847F3003F20AB /* ResponseModel.swift in Sources */,
				56B98F9D27459D8B00AC67EE /* UICollectionView+Ext.swift in Sources */,
				56B98F9C27459D8B00AC67EE /* UIImageView+Ext.swift in Sources */,
				56D45E1A274ADE4100D005CC /* ProductViewModel.swift in Sources */,
			);
			runOnlyForDeploymentPostprocessing = 0;
		};
/* End PBXSourcesBuildPhase section */

/* Begin PBXVariantGroup section */
		56B98EF82745943D00AC67EE /* LaunchScreen.storyboard */ = {
			isa = PBXVariantGroup;
			children = (
				56B98EF92745943D00AC67EE /* Base */,
			);
			name = LaunchScreen.storyboard;
			sourceTree = "<group>";
		};
/* End PBXVariantGroup section */

/* Begin XCBuildConfiguration section */
		56B98EFC2745943D00AC67EE /* Debug */ = {
			isa = XCBuildConfiguration;
			buildSettings = {
				ALWAYS_SEARCH_USER_PATHS = NO;
				CLANG_ANALYZER_NONNULL = YES;
				CLANG_ANALYZER_NUMBER_OBJECT_CONVERSION = YES_AGGRESSIVE;
				CLANG_CXX_LANGUAGE_STANDARD = "gnu++17";
				CLANG_CXX_LIBRARY = "libc++";
				CLANG_ENABLE_MODULES = YES;
				CLANG_ENABLE_OBJC_ARC = YES;
				CLANG_ENABLE_OBJC_WEAK = YES;
				CLANG_WARN_BLOCK_CAPTURE_AUTORELEASING = YES;
				CLANG_WARN_BOOL_CONVERSION = YES;
				CLANG_WARN_COMMA = YES;
				CLANG_WARN_CONSTANT_CONVERSION = YES;
				CLANG_WARN_DEPRECATED_OBJC_IMPLEMENTATIONS = YES;
				CLANG_WARN_DIRECT_OBJC_ISA_USAGE = YES_ERROR;
				CLANG_WARN_DOCUMENTATION_COMMENTS = YES;
				CLANG_WARN_EMPTY_BODY = YES;
				CLANG_WARN_ENUM_CONVERSION = YES;
				CLANG_WARN_INFINITE_RECURSION = YES;
				CLANG_WARN_INT_CONVERSION = YES;
				CLANG_WARN_NON_LITERAL_NULL_CONVERSION = YES;
				CLANG_WARN_OBJC_IMPLICIT_RETAIN_SELF = YES;
				CLANG_WARN_OBJC_LITERAL_CONVERSION = YES;
				CLANG_WARN_OBJC_ROOT_CLASS = YES_ERROR;
				CLANG_WARN_QUOTED_INCLUDE_IN_FRAMEWORK_HEADER = YES;
				CLANG_WARN_RANGE_LOOP_ANALYSIS = YES;
				CLANG_WARN_STRICT_PROTOTYPES = YES;
				CLANG_WARN_SUSPICIOUS_MOVE = YES;
				CLANG_WARN_UNGUARDED_AVAILABILITY = YES_AGGRESSIVE;
				CLANG_WARN_UNREACHABLE_CODE = YES;
				CLANG_WARN__DUPLICATE_METHOD_MATCH = YES;
				COPY_PHASE_STRIP = NO;
				DEBUG_INFORMATION_FORMAT = dwarf;
				ENABLE_STRICT_OBJC_MSGSEND = YES;
				ENABLE_TESTABILITY = YES;
				GCC_C_LANGUAGE_STANDARD = gnu11;
				GCC_DYNAMIC_NO_PIC = NO;
				GCC_NO_COMMON_BLOCKS = YES;
				GCC_OPTIMIZATION_LEVEL = 0;
				GCC_PREPROCESSOR_DEFINITIONS = (
					"DEBUG=1",
					"$(inherited)",
				);
				GCC_WARN_64_TO_32_BIT_CONVERSION = YES;
				GCC_WARN_ABOUT_RETURN_TYPE = YES_ERROR;
				GCC_WARN_UNDECLARED_SELECTOR = YES;
				GCC_WARN_UNINITIALIZED_AUTOS = YES_AGGRESSIVE;
				GCC_WARN_UNUSED_FUNCTION = YES;
				GCC_WARN_UNUSED_VARIABLE = YES;
				IPHONEOS_DEPLOYMENT_TARGET = 15.0;
				MTL_ENABLE_DEBUG_INFO = INCLUDE_SOURCE;
				MTL_FAST_MATH = YES;
				ONLY_ACTIVE_ARCH = YES;
				SDKROOT = iphoneos;
				SWIFT_ACTIVE_COMPILATION_CONDITIONS = DEBUG;
				SWIFT_OPTIMIZATION_LEVEL = "-Onone";
			};
			name = Debug;
		};
		56B98EFD2745943D00AC67EE /* Release */ = {
			isa = XCBuildConfiguration;
			buildSettings = {
				ALWAYS_SEARCH_USER_PATHS = NO;
				CLANG_ANALYZER_NONNULL = YES;
				CLANG_ANALYZER_NUMBER_OBJECT_CONVERSION = YES_AGGRESSIVE;
				CLANG_CXX_LANGUAGE_STANDARD = "gnu++17";
				CLANG_CXX_LIBRARY = "libc++";
				CLANG_ENABLE_MODULES = YES;
				CLANG_ENABLE_OBJC_ARC = YES;
				CLANG_ENABLE_OBJC_WEAK = YES;
				CLANG_WARN_BLOCK_CAPTURE_AUTORELEASING = YES;
				CLANG_WARN_BOOL_CONVERSION = YES;
				CLANG_WARN_COMMA = YES;
				CLANG_WARN_CONSTANT_CONVERSION = YES;
				CLANG_WARN_DEPRECATED_OBJC_IMPLEMENTATIONS = YES;
				CLANG_WARN_DIRECT_OBJC_ISA_USAGE = YES_ERROR;
				CLANG_WARN_DOCUMENTATION_COMMENTS = YES;
				CLANG_WARN_EMPTY_BODY = YES;
				CLANG_WARN_ENUM_CONVERSION = YES;
				CLANG_WARN_INFINITE_RECURSION = YES;
				CLANG_WARN_INT_CONVERSION = YES;
				CLANG_WARN_NON_LITERAL_NULL_CONVERSION = YES;
				CLANG_WARN_OBJC_IMPLICIT_RETAIN_SELF = YES;
				CLANG_WARN_OBJC_LITERAL_CONVERSION = YES;
				CLANG_WARN_OBJC_ROOT_CLASS = YES_ERROR;
				CLANG_WARN_QUOTED_INCLUDE_IN_FRAMEWORK_HEADER = YES;
				CLANG_WARN_RANGE_LOOP_ANALYSIS = YES;
				CLANG_WARN_STRICT_PROTOTYPES = YES;
				CLANG_WARN_SUSPICIOUS_MOVE = YES;
				CLANG_WARN_UNGUARDED_AVAILABILITY = YES_AGGRESSIVE;
				CLANG_WARN_UNREACHABLE_CODE = YES;
				CLANG_WARN__DUPLICATE_METHOD_MATCH = YES;
				COPY_PHASE_STRIP = NO;
				DEBUG_INFORMATION_FORMAT = "dwarf-with-dsym";
				ENABLE_NS_ASSERTIONS = NO;
				ENABLE_STRICT_OBJC_MSGSEND = YES;
				GCC_C_LANGUAGE_STANDARD = gnu11;
				GCC_NO_COMMON_BLOCKS = YES;
				GCC_WARN_64_TO_32_BIT_CONVERSION = YES;
				GCC_WARN_ABOUT_RETURN_TYPE = YES_ERROR;
				GCC_WARN_UNDECLARED_SELECTOR = YES;
				GCC_WARN_UNINITIALIZED_AUTOS = YES_AGGRESSIVE;
				GCC_WARN_UNUSED_FUNCTION = YES;
				GCC_WARN_UNUSED_VARIABLE = YES;
				IPHONEOS_DEPLOYMENT_TARGET = 15.0;
				MTL_ENABLE_DEBUG_INFO = NO;
				MTL_FAST_MATH = YES;
				SDKROOT = iphoneos;
				SWIFT_COMPILATION_MODE = wholemodule;
				SWIFT_OPTIMIZATION_LEVEL = "-O";
				VALIDATE_PRODUCT = YES;
			};
			name = Release;
		};
		56B98EFF2745943D00AC67EE /* Debug */ = {
			isa = XCBuildConfiguration;
			baseConfigurationReference = 90B8779DA98919281BF244C0 /* Pods-ASMIO.debug.xcconfig */;
			buildSettings = {
				ASSETCATALOG_COMPILER_APPICON_NAME = AppIcon;
				ASSETCATALOG_COMPILER_GLOBAL_ACCENT_COLOR_NAME = AccentColor;
				CODE_SIGN_STYLE = Automatic;
				CURRENT_PROJECT_VERSION = 1;
				DEVELOPMENT_TEAM = 2A542S6399;
				GENERATE_INFOPLIST_FILE = YES;
				INFOPLIST_FILE = ASMIO/Info.plist;
				INFOPLIST_KEY_UIApplicationSupportsIndirectInputEvents = YES;
				INFOPLIST_KEY_UILaunchStoryboardName = LaunchScreen;
				INFOPLIST_KEY_UISupportedInterfaceOrientations = UIInterfaceOrientationPortrait;
				INFOPLIST_KEY_UIUserInterfaceStyle = Light;
				IPHONEOS_DEPLOYMENT_TARGET = 13.0;
				LD_RUNPATH_SEARCH_PATHS = (
					"$(inherited)",
					"@executable_path/Frameworks",
				);
				MARKETING_VERSION = 1.0;
				PRODUCT_BUNDLE_IDENTIFIER = com.mostafa.ASMIO;
				PRODUCT_NAME = "$(TARGET_NAME)";
				SWIFT_EMIT_LOC_STRINGS = YES;
				SWIFT_VERSION = 5.0;
				TARGETED_DEVICE_FAMILY = 1;
			};
			name = Debug;
		};
		56B98F002745943D00AC67EE /* Release */ = {
			isa = XCBuildConfiguration;
			baseConfigurationReference = 78BDDCEF5DBE0E5C99ED5D3C /* Pods-ASMIO.release.xcconfig */;
			buildSettings = {
				ASSETCATALOG_COMPILER_APPICON_NAME = AppIcon;
				ASSETCATALOG_COMPILER_GLOBAL_ACCENT_COLOR_NAME = AccentColor;
				CODE_SIGN_STYLE = Automatic;
				CURRENT_PROJECT_VERSION = 1;
				DEVELOPMENT_TEAM = 2A542S6399;
				GENERATE_INFOPLIST_FILE = YES;
				INFOPLIST_FILE = ASMIO/Info.plist;
				INFOPLIST_KEY_UIApplicationSupportsIndirectInputEvents = YES;
				INFOPLIST_KEY_UILaunchStoryboardName = LaunchScreen;
				INFOPLIST_KEY_UISupportedInterfaceOrientations = UIInterfaceOrientationPortrait;
				INFOPLIST_KEY_UIUserInterfaceStyle = Light;
				IPHONEOS_DEPLOYMENT_TARGET = 13.0;
				LD_RUNPATH_SEARCH_PATHS = (
					"$(inherited)",
					"@executable_path/Frameworks",
				);
				MARKETING_VERSION = 1.0;
				PRODUCT_BUNDLE_IDENTIFIER = com.mostafa.ASMIO;
				PRODUCT_NAME = "$(TARGET_NAME)";
				SWIFT_EMIT_LOC_STRINGS = YES;
				SWIFT_VERSION = 5.0;
				TARGETED_DEVICE_FAMILY = 1;
			};
			name = Release;
		};
/* End XCBuildConfiguration section */

/* Begin XCConfigurationList section */
		56B98EE52745943B00AC67EE /* Build configuration list for PBXProject "ASMIO" */ = {
			isa = XCConfigurationList;
			buildConfigurations = (
				56B98EFC2745943D00AC67EE /* Debug */,
				56B98EFD2745943D00AC67EE /* Release */,
			);
			defaultConfigurationIsVisible = 0;
			defaultConfigurationName = Release;
		};
		56B98EFE2745943D00AC67EE /* Build configuration list for PBXNativeTarget "ASMIO" */ = {
			isa = XCConfigurationList;
			buildConfigurations = (
				56B98EFF2745943D00AC67EE /* Debug */,
				56B98F002745943D00AC67EE /* Release */,
			);
			defaultConfigurationIsVisible = 0;
			defaultConfigurationName = Release;
		};
/* End XCConfigurationList section */
	};
	rootObject = 56B98EE22745943B00AC67EE /* Project object */;
}
